
Microsoft Visual Studio Solution File, Format Version 12.00
Project("{FAE04EC0-301F-11D3-BF4B-00C04F79EFBC}") = "HelloWorld", "HelloWorld\HelloWorld.csproj", "{A5BF3376-1D26-485D-A942-A47B35B958BB}"
EndProject
Project("{FAE04EC0-301F-11D3-BF4B-00C04F79EFBC}") = "Adaptive.Aeron.Samples.HelloWorld", "..\Samples\Adaptive.Aeron.Samples.HelloWorld\Adaptive.Aeron.Samples.HelloWorld.csproj", "{C6566035-3F9B-4C13-B2F1-256D646386E9}"
EndProject
Project("{FAE04EC0-301F-11D3-BF4B-00C04F79EFBC}") = "Adaptive.Aeron.Samples.IpcThroughput", "..\Samples\Adaptive.Aeron.Samples.IpcThroughput\Adaptive.Aeron.Samples.IpcThroughput.csproj", "{8003EC5F-1AA3-4E48-95DF-C72AED9E4451}"
EndProject
Project("{FAE04EC0-301F-11D3-BF4B-00C04F79EFBC}") = "Adaptive.Aeron.Samples.Common", "..\Samples\Adaptive.Aeron.Samples.Common\Adaptive.Aeron.Samples.Common.csproj", "{BD594FD7-A331-428D-9EF6-9EE3CB3D4D02}"
EndProject
Project("{FAE04EC0-301F-11D3-BF4B-00C04F79EFBC}") = "Adaptive.Aeron.Samples.BufferClaimIpcThroughput", "..\Samples\Adaptive.Aeron.Samples.BufferClaimIpcThroughput\Adaptive.Aeron.Samples.BufferClaimIpcThroughput.csproj", "{B6BC8CBA-03C6-4DEF-A3DC-9F727462626D}"
EndProject
Project("{FAE04EC0-301F-11D3-BF4B-00C04F79EFBC}") = "Adaptive.Aeron.Samples.ClusterClient", "..\Samples\Adaptive.Aeron.Samples.ClusterClient\Adaptive.Aeron.Samples.ClusterClient.csproj", "{266BB6E5-CFFC-4FC0-875A-699255C23CE3}"
EndProject
Project("{FAE04EC0-301F-11D3-BF4B-00C04F79EFBC}") = "Adaptive.Aeron.Samples.ClusterService", "..\Samples\Adaptive.Aeron.Samples.ClusterService\Adaptive.Aeron.Samples.ClusterService.csproj", "{C262B573-BABC-489F-9DAF-443232E6B73F}"
EndProject
Project("{FAE04EC0-301F-11D3-BF4B-00C04F79EFBC}") = "Adaptive.Aeron.Samples.Pong", "..\Samples\Adaptive.Aeron.Samples.Pong\Adaptive.Aeron.Samples.Pong.csproj", "{95140691-4A65-492D-9633-DB2A01C09946}"
EndProject
Project("{FAE04EC0-301F-11D3-BF4B-00C04F79EFBC}") = "Adaptive.Aeron.Samples.Ping", "..\Samples\Adaptive.Aeron.Samples.Ping\Adaptive.Aeron.Samples.Ping.csproj", "{51CA958D-9A9B-481A-A600-E7996467F3AF}"
EndProject
Project("{FAE04EC0-301F-11D3-BF4B-00C04F79EFBC}") = "Adaptive.Aeron.Samples.RateSubscriber", "..\Samples\Adaptive.Aeron.Samples.RateSubscriber\Adaptive.Aeron.Samples.RateSubscriber.csproj", "{2BE4E1B6-0E13-4196-9FFC-F4D8A6231FFC}"
EndProject
Project("{FAE04EC0-301F-11D3-BF4B-00C04F79EFBC}") = "Adaptive.Aeron.Samples.SimplePublisher", "..\Samples\Adaptive.Aeron.Samples.SimplePublisher\Adaptive.Aeron.Samples.SimplePublisher.csproj", "{74ABB8B3-679E-4F0D-9700-8685D34D7D4E}"
EndProject
Project("{FAE04EC0-301F-11D3-BF4B-00C04F79EFBC}") = "Adaptive.Aeron.Samples.SimpleSubscriber", "..\Samples\Adaptive.Aeron.Samples.SimpleSubscriber\Adaptive.Aeron.Samples.SimpleSubscriber.csproj", "{91FE57B7-279F-47C5-829A-F0204757FB2B}"
EndProject
Project("{FAE04EC0-301F-11D3-BF4B-00C04F79EFBC}") = "Adaptive.Aeron.Samples.StreamingPublisher", "..\Samples\Adaptive.Aeron.Samples.StreamingPublisher\Adaptive.Aeron.Samples.StreamingPublisher.csproj", "{F5AA7EEF-4212-483F-AD5A-37465A62769F}"
EndProject
Project("{FAE04EC0-301F-11D3-BF4B-00C04F79EFBC}") = "Adaptive.Aeron.Samples.Throughput", "..\Samples\Adaptive.Aeron.Samples.Throughput\Adaptive.Aeron.Samples.Throughput.csproj", "{F111AE2F-F719-4AC1-921E-DD00A3A5E1CD}"
EndProject
Global
	GlobalSection(SolutionConfigurationPlatforms) = preSolution
		Debug|Any CPU = Debug|Any CPU
		Release|Any CPU = Release|Any CPU
	EndGlobalSection
	GlobalSection(ProjectConfigurationPlatforms) = postSolution
		{A5BF3376-1D26-485D-A942-A47B35B958BB}.Debug|Any CPU.ActiveCfg = Debug|Any CPU
		{A5BF3376-1D26-485D-A942-A47B35B958BB}.Debug|Any CPU.Build.0 = Debug|Any CPU
		{A5BF3376-1D26-485D-A942-A47B35B958BB}.Release|Any CPU.ActiveCfg = Release|Any CPU
		{A5BF3376-1D26-485D-A942-A47B35B958BB}.Release|Any CPU.Build.0 = Release|Any CPU
		{C6566035-3F9B-4C13-B2F1-256D646386E9}.Debug|Any CPU.ActiveCfg = Debug|Any CPU
		{C6566035-3F9B-4C13-B2F1-256D646386E9}.Debug|Any CPU.Build.0 = Debug|Any CPU
		{C6566035-3F9B-4C13-B2F1-256D646386E9}.Release|Any CPU.ActiveCfg = Release|Any CPU
		{C6566035-3F9B-4C13-B2F1-256D646386E9}.Release|Any CPU.Build.0 = Release|Any CPU
		{8003EC5F-1AA3-4E48-95DF-C72AED9E4451}.Debug|Any CPU.ActiveCfg = Debug|Any CPU
		{8003EC5F-1AA3-4E48-95DF-C72AED9E4451}.Debug|Any CPU.Build.0 = Debug|Any CPU
		{8003EC5F-1AA3-4E48-95DF-C72AED9E4451}.Release|Any CPU.ActiveCfg = Release|Any CPU
		{8003EC5F-1AA3-4E48-95DF-C72AED9E4451}.Release|Any CPU.Build.0 = Release|Any CPU
		{BD594FD7-A331-428D-9EF6-9EE3CB3D4D02}.Debug|Any CPU.ActiveCfg = Debug|Any CPU
		{BD594FD7-A331-428D-9EF6-9EE3CB3D4D02}.Debug|Any CPU.Build.0 = Debug|Any CPU
		{BD594FD7-A331-428D-9EF6-9EE3CB3D4D02}.Release|Any CPU.ActiveCfg = Release|Any CPU
		{BD594FD7-A331-428D-9EF6-9EE3CB3D4D02}.Release|Any CPU.Build.0 = Release|Any CPU
		{B6BC8CBA-03C6-4DEF-A3DC-9F727462626D}.Debug|Any CPU.ActiveCfg = Debug|Any CPU
		{B6BC8CBA-03C6-4DEF-A3DC-9F727462626D}.Debug|Any CPU.Build.0 = Debug|Any CPU
		{B6BC8CBA-03C6-4DEF-A3DC-9F727462626D}.Release|Any CPU.ActiveCfg = Release|Any CPU
		{B6BC8CBA-03C6-4DEF-A3DC-9F727462626D}.Release|Any CPU.Build.0 = Release|Any CPU
		{266BB6E5-CFFC-4FC0-875A-699255C23CE3}.Debug|Any CPU.ActiveCfg = Debug|Any CPU
		{266BB6E5-CFFC-4FC0-875A-699255C23CE3}.Debug|Any CPU.Build.0 = Debug|Any CPU
		{266BB6E5-CFFC-4FC0-875A-699255C23CE3}.Release|Any CPU.ActiveCfg = Release|Any CPU
		{266BB6E5-CFFC-4FC0-875A-699255C23CE3}.Release|Any CPU.Build.0 = Release|Any CPU
		{C262B573-BABC-489F-9DAF-443232E6B73F}.Debug|Any CPU.ActiveCfg = Debug|Any CPU
		{C262B573-BABC-489F-9DAF-443232E6B73F}.Debug|Any CPU.Build.0 = Debug|Any CPU
		{C262B573-BABC-489F-9DAF-443232E6B73F}.Release|Any CPU.ActiveCfg = Release|Any CPU
		{C262B573-BABC-489F-9DAF-443232E6B73F}.Release|Any CPU.Build.0 = Release|Any CPU
		{95140691-4A65-492D-9633-DB2A01C09946}.Debug|Any CPU.ActiveCfg = Debug|Any CPU
		{95140691-4A65-492D-9633-DB2A01C09946}.Debug|Any CPU.Build.0 = Debug|Any CPU
		{95140691-4A65-492D-9633-DB2A01C09946}.Release|Any CPU.ActiveCfg = Release|Any CPU
		{95140691-4A65-492D-9633-DB2A01C09946}.Release|Any CPU.Build.0 = Release|Any CPU
		{51CA958D-9A9B-481A-A600-E7996467F3AF}.Debug|Any CPU.ActiveCfg = Debug|Any CPU
		{51CA958D-9A9B-481A-A600-E7996467F3AF}.Debug|Any CPU.Build.0 = Debug|Any CPU
		{51CA958D-9A9B-481A-A600-E7996467F3AF}.Release|Any CPU.ActiveCfg = Release|Any CPU
		{51CA958D-9A9B-481A-A600-E7996467F3AF}.Release|Any CPU.Build.0 = Release|Any CPU
		{2BE4E1B6-0E13-4196-9FFC-F4D8A6231FFC}.Debug|Any CPU.ActiveCfg = Debug|Any CPU
		{2BE4E1B6-0E13-4196-9FFC-F4D8A6231FFC}.Debug|Any CPU.Build.0 = Debug|Any CPU
		{2BE4E1B6-0E13-4196-9FFC-F4D8A6231FFC}.Release|Any CPU.ActiveCfg = Release|Any CPU
		{2BE4E1B6-0E13-4196-9FFC-F4D8A6231FFC}.Release|Any CPU.Build.0 = Release|Any CPU
		{74ABB8B3-679E-4F0D-9700-8685D34D7D4E}.Debug|Any CPU.ActiveCfg = Debug|Any CPU
		{74ABB8B3-679E-4F0D-9700-8685D34D7D4E}.Debug|Any CPU.Build.0 = Debug|Any CPU
		{74ABB8B3-679E-4F0D-9700-8685D34D7D4E}.Release|Any CPU.ActiveCfg = Release|Any CPU
		{74ABB8B3-679E-4F0D-9700-8685D34D7D4E}.Release|Any CPU.Build.0 = Release|Any CPU
		{91FE57B7-279F-47C5-829A-F0204757FB2B}.Debug|Any CPU.ActiveCfg = Debug|Any CPU
		{91FE57B7-279F-47C5-829A-F0204757FB2B}.Debug|Any CPU.Build.0 = Debug|Any CPU
		{91FE57B7-279F-47C5-829A-F0204757FB2B}.Release|Any CPU.ActiveCfg = Release|Any CPU
		{91FE57B7-279F-47C5-829A-F0204757FB2B}.Release|Any CPU.Build.0 = Release|Any CPU
		{F5AA7EEF-4212-483F-AD5A-37465A62769F}.Debug|Any CPU.ActiveCfg = Debug|Any CPU
		{F5AA7EEF-4212-483F-AD5A-37465A62769F}.Debug|Any CPU.Build.0 = Debug|Any CPU
		{F5AA7EEF-4212-483F-AD5A-37465A62769F}.Release|Any CPU.ActiveCfg = Release|Any CPU
		{F5AA7EEF-4212-483F-AD5A-37465A62769F}.Release|Any CPU.Build.0 = Release|Any CPU
		{F111AE2F-F719-4AC1-921E-DD00A3A5E1CD}.Debug|Any CPU.ActiveCfg = Debug|Any CPU
		{F111AE2F-F719-4AC1-921E-DD00A3A5E1CD}.Debug|Any CPU.Build.0 = Debug|Any CPU
		{F111AE2F-F719-4AC1-921E-DD00A3A5E1CD}.Release|Any CPU.ActiveCfg = Release|Any CPU
		{F111AE2F-F719-4AC1-921E-DD00A3A5E1CD}.Release|Any CPU.Build.0 = Release|Any CPU
	EndGlobalSection
EndGlobal
